// !$*UTF8*$!
{
	archiveVersion = 1;
	classes = {
	};
	objectVersion = 46;
	objects = {

/* Begin PBXBuildFile section */
		A040CDB1921AA79EEA833588 /* Pods_AppForYanpix.framework in Frameworks */ = {isa = PBXBuildFile; fileRef = 992AA16258D0DA4347D3F925 /* Pods_AppForYanpix.framework */; };
		D0409EB51EBA472900393077 /* AppDelegate.swift in Sources */ = {isa = PBXBuildFile; fileRef = D0409EB41EBA472900393077 /* AppDelegate.swift */; };
		D0409EBC1EBA472900393077 /* Assets.xcassets in Resources */ = {isa = PBXBuildFile; fileRef = D0409EBB1EBA472900393077 /* Assets.xcassets */; };
		D0409EBF1EBA472900393077 /* LaunchScreen.storyboard in Resources */ = {isa = PBXBuildFile; fileRef = D0409EBD1EBA472900393077 /* LaunchScreen.storyboard */; };
		D0409EC91EBA4DFD00393077 /* AFYApplicationManager.swift in Sources */ = {isa = PBXBuildFile; fileRef = D0409EC81EBA4DFD00393077 /* AFYApplicationManager.swift */; };
		D0409ECC1EBA50D900393077 /* AFYKeychainService.swift in Sources */ = {isa = PBXBuildFile; fileRef = D0409ECB1EBA50D900393077 /* AFYKeychainService.swift */; };
		D0409ED01EBA51E300393077 /* AFYInitialViewController.swift in Sources */ = {isa = PBXBuildFile; fileRef = D0409ECF1EBA51E300393077 /* AFYInitialViewController.swift */; };
		D0409ED21EBA524700393077 /* AFYInitialScene.storyboard in Resources */ = {isa = PBXBuildFile; fileRef = D0409ED11EBA524700393077 /* AFYInitialScene.storyboard */; };
		D04649851EBF60AB00555C80 /* AFYPhotoDetailsViewController.swift in Sources */ = {isa = PBXBuildFile; fileRef = D04649841EBF60AB00555C80 /* AFYPhotoDetailsViewController.swift */; };
		D04649871EBF60FD00555C80 /* AFYPhotoDetailsScene.storyboard in Resources */ = {isa = PBXBuildFile; fileRef = D04649861EBF60FD00555C80 /* AFYPhotoDetailsScene.storyboard */; };
		D05C95EA1EBF3FC100AD6A7C /* AFYPhotoesScene.storyboard in Resources */ = {isa = PBXBuildFile; fileRef = D05C95E91EBF3FC100AD6A7C /* AFYPhotoesScene.storyboard */; };
		D05C95EC1EBF400A00AD6A7C /* AFYPhotoesCollectionViewController.swift in Sources */ = {isa = PBXBuildFile; fileRef = D05C95EB1EBF400A00AD6A7C /* AFYPhotoesCollectionViewController.swift */; };
		D05C95EE1EBF466E00AD6A7C /* AFYPhotoCollectionViewCell.swift in Sources */ = {isa = PBXBuildFile; fileRef = D05C95ED1EBF466E00AD6A7C /* AFYPhotoCollectionViewCell.swift */; };
		D0787CB41EC03ADE008A2152 /* AFYMainViewControllerConfigurator.swift in Sources */ = {isa = PBXBuildFile; fileRef = D0787CB31EC03ADE008A2152 /* AFYMainViewControllerConfigurator.swift */; };
		D0787CB61EC03B8C008A2152 /* AFYMainViewControllerInteractor.swift in Sources */ = {isa = PBXBuildFile; fileRef = D0787CB51EC03B8C008A2152 /* AFYMainViewControllerInteractor.swift */; };
		D0787CB81EC03BBC008A2152 /* AFYMainViewControllerPresenter.swift in Sources */ = {isa = PBXBuildFile; fileRef = D0787CB71EC03BBC008A2152 /* AFYMainViewControllerPresenter.swift */; };
		D0843FC61EBC4CE7009265B8 /* AFYInstagramFeedService.swift in Sources */ = {isa = PBXBuildFile; fileRef = D0843FC51EBC4CE7009265B8 /* AFYInstagramFeedService.swift */; };
		D0843FCA1EBC4EF5009265B8 /* AFYLocationService.swift in Sources */ = {isa = PBXBuildFile; fileRef = D0843FC91EBC4EF5009265B8 /* AFYLocationService.swift */; };
		D0843FCF1EBC7338009265B8 /* AFYMainViewController.swift in Sources */ = {isa = PBXBuildFile; fileRef = D0843FCE1EBC7338009265B8 /* AFYMainViewController.swift */; };
		D0843FD11EBC7353009265B8 /* AFYMainScene.storyboard in Resources */ = {isa = PBXBuildFile; fileRef = D0843FD01EBC7353009265B8 /* AFYMainScene.storyboard */; };
		D0843FD41EBC997B009265B8 /* Location.swift in Sources */ = {isa = PBXBuildFile; fileRef = D0843FD31EBC997B009265B8 /* Location.swift */; };
/* End PBXBuildFile section */

/* Begin PBXFileReference section */
		1FA8A33D656782241C8DE5C3 /* Pods-AppForYanpix.release.xcconfig */ = {isa = PBXFileReference; includeInIndex = 1; lastKnownFileType = text.xcconfig; name = "Pods-AppForYanpix.release.xcconfig"; path = "Pods/Target Support Files/Pods-AppForYanpix/Pods-AppForYanpix.release.xcconfig"; sourceTree = "<group>"; };
		37D6BAB0E073A4965FDC817C /* Pods-AppForYanpix.debug.xcconfig */ = {isa = PBXFileReference; includeInIndex = 1; lastKnownFileType = text.xcconfig; name = "Pods-AppForYanpix.debug.xcconfig"; path = "Pods/Target Support Files/Pods-AppForYanpix/Pods-AppForYanpix.debug.xcconfig"; sourceTree = "<group>"; };
		992AA16258D0DA4347D3F925 /* Pods_AppForYanpix.framework */ = {isa = PBXFileReference; explicitFileType = wrapper.framework; includeInIndex = 0; path = Pods_AppForYanpix.framework; sourceTree = BUILT_PRODUCTS_DIR; };
		D0409EB11EBA472800393077 /* AppForYanpix.app */ = {isa = PBXFileReference; explicitFileType = wrapper.application; includeInIndex = 0; path = AppForYanpix.app; sourceTree = BUILT_PRODUCTS_DIR; };
		D0409EB41EBA472900393077 /* AppDelegate.swift */ = {isa = PBXFileReference; lastKnownFileType = sourcecode.swift; path = AppDelegate.swift; sourceTree = "<group>"; };
		D0409EBB1EBA472900393077 /* Assets.xcassets */ = {isa = PBXFileReference; lastKnownFileType = folder.assetcatalog; path = Assets.xcassets; sourceTree = "<group>"; };
		D0409EBE1EBA472900393077 /* Base */ = {isa = PBXFileReference; lastKnownFileType = file.storyboard; name = Base; path = Base.lproj/LaunchScreen.storyboard; sourceTree = "<group>"; };
		D0409EC01EBA472900393077 /* Info.plist */ = {isa = PBXFileReference; lastKnownFileType = text.plist.xml; path = Info.plist; sourceTree = "<group>"; };
		D0409EC81EBA4DFD00393077 /* AFYApplicationManager.swift */ = {isa = PBXFileReference; fileEncoding = 4; lastKnownFileType = sourcecode.swift; path = AFYApplicationManager.swift; sourceTree = "<group>"; };
		D0409ECB1EBA50D900393077 /* AFYKeychainService.swift */ = {isa = PBXFileReference; fileEncoding = 4; lastKnownFileType = sourcecode.swift; path = AFYKeychainService.swift; sourceTree = "<group>"; };
		D0409ECF1EBA51E300393077 /* AFYInitialViewController.swift */ = {isa = PBXFileReference; fileEncoding = 4; lastKnownFileType = sourcecode.swift; path = AFYInitialViewController.swift; sourceTree = "<group>"; };
		D0409ED11EBA524700393077 /* AFYInitialScene.storyboard */ = {isa = PBXFileReference; fileEncoding = 4; lastKnownFileType = file.storyboard; path = AFYInitialScene.storyboard; sourceTree = "<group>"; };
		D04649841EBF60AB00555C80 /* AFYPhotoDetailsViewController.swift */ = {isa = PBXFileReference; fileEncoding = 4; lastKnownFileType = sourcecode.swift; path = AFYPhotoDetailsViewController.swift; sourceTree = "<group>"; };
		D04649861EBF60FD00555C80 /* AFYPhotoDetailsScene.storyboard */ = {isa = PBXFileReference; fileEncoding = 4; lastKnownFileType = file.storyboard; path = AFYPhotoDetailsScene.storyboard; sourceTree = "<group>"; };
		D05C95E91EBF3FC100AD6A7C /* AFYPhotoesScene.storyboard */ = {isa = PBXFileReference; fileEncoding = 4; lastKnownFileType = file.storyboard; path = AFYPhotoesScene.storyboard; sourceTree = "<group>"; };
		D05C95EB1EBF400A00AD6A7C /* AFYPhotoesCollectionViewController.swift */ = {isa = PBXFileReference; fileEncoding = 4; lastKnownFileType = sourcecode.swift; path = AFYPhotoesCollectionViewController.swift; sourceTree = "<group>"; };
		D05C95ED1EBF466E00AD6A7C /* AFYPhotoCollectionViewCell.swift */ = {isa = PBXFileReference; fileEncoding = 4; lastKnownFileType = sourcecode.swift; path = AFYPhotoCollectionViewCell.swift; sourceTree = "<group>"; };
		D0787CB31EC03ADE008A2152 /* AFYMainViewControllerConfigurator.swift */ = {isa = PBXFileReference; fileEncoding = 4; lastKnownFileType = sourcecode.swift; path = AFYMainViewControllerConfigurator.swift; sourceTree = "<group>"; };
		D0787CB51EC03B8C008A2152 /* AFYMainViewControllerInteractor.swift */ = {isa = PBXFileReference; fileEncoding = 4; lastKnownFileType = sourcecode.swift; path = AFYMainViewControllerInteractor.swift; sourceTree = "<group>"; };
		D0787CB71EC03BBC008A2152 /* AFYMainViewControllerPresenter.swift */ = {isa = PBXFileReference; fileEncoding = 4; lastKnownFileType = sourcecode.swift; path = AFYMainViewControllerPresenter.swift; sourceTree = "<group>"; };
		D0843FC51EBC4CE7009265B8 /* AFYInstagramFeedService.swift */ = {isa = PBXFileReference; fileEncoding = 4; lastKnownFileType = sourcecode.swift; path = AFYInstagramFeedService.swift; sourceTree = "<group>"; };
		D0843FC91EBC4EF5009265B8 /* AFYLocationService.swift */ = {isa = PBXFileReference; fileEncoding = 4; lastKnownFileType = sourcecode.swift; path = AFYLocationService.swift; sourceTree = "<group>"; };
		D0843FCE1EBC7338009265B8 /* AFYMainViewController.swift */ = {isa = PBXFileReference; fileEncoding = 4; lastKnownFileType = sourcecode.swift; path = AFYMainViewController.swift; sourceTree = "<group>"; };
		D0843FD01EBC7353009265B8 /* AFYMainScene.storyboard */ = {isa = PBXFileReference; fileEncoding = 4; lastKnownFileType = file.storyboard; path = AFYMainScene.storyboard; sourceTree = "<group>"; };
		D0843FD31EBC997B009265B8 /* Location.swift */ = {isa = PBXFileReference; fileEncoding = 4; lastKnownFileType = sourcecode.swift; path = Location.swift; sourceTree = "<group>"; };
/* End PBXFileReference section */

/* Begin PBXFrameworksBuildPhase section */
		D0409EAE1EBA472800393077 /* Frameworks */ = {
			isa = PBXFrameworksBuildPhase;
			buildActionMask = 2147483647;
			files = (
				A040CDB1921AA79EEA833588 /* Pods_AppForYanpix.framework in Frameworks */,
			);
			runOnlyForDeploymentPostprocessing = 0;
		};
/* End PBXFrameworksBuildPhase section */

/* Begin PBXGroup section */
		581EED95D4F6C4A344D1BCE0 /* Pods */ = {
			isa = PBXGroup;
			children = (
				37D6BAB0E073A4965FDC817C /* Pods-AppForYanpix.debug.xcconfig */,
				1FA8A33D656782241C8DE5C3 /* Pods-AppForYanpix.release.xcconfig */,
			);
			name = Pods;
			sourceTree = "<group>";
		};
		92B6DDA5C181F2FC47F10997 /* Frameworks */ = {
			isa = PBXGroup;
			children = (
				992AA16258D0DA4347D3F925 /* Pods_AppForYanpix.framework */,
			);
			name = Frameworks;
			sourceTree = "<group>";
		};
		D0409EA81EBA472800393077 = {
			isa = PBXGroup;
			children = (
				D0409EB31EBA472800393077 /* AppForYanpix */,
				D0409EB21EBA472800393077 /* Products */,
				581EED95D4F6C4A344D1BCE0 /* Pods */,
				92B6DDA5C181F2FC47F10997 /* Frameworks */,
			);
			sourceTree = "<group>";
		};
		D0409EB21EBA472800393077 /* Products */ = {
			isa = PBXGroup;
			children = (
				D0409EB11EBA472800393077 /* AppForYanpix.app */,
			);
			name = Products;
			sourceTree = "<group>";
		};
		D0409EB31EBA472800393077 /* AppForYanpix */ = {
			isa = PBXGroup;
			children = (
				D0843FD21EBC995D009265B8 /* Models */,
				D0409ECD1EBA51A600393077 /* Presentation */,
				D0409ECA1EBA4EF600393077 /* Services */,
				D0409EC61EBA47E600393077 /* Application Layer */,
				D0409EC71EBA47F300393077 /* Supporting Files */,
			);
			path = AppForYanpix;
			sourceTree = "<group>";
		};
		D0409EC61EBA47E600393077 /* Application Layer */ = {
			isa = PBXGroup;
			children = (
				D0409EB41EBA472900393077 /* AppDelegate.swift */,
				D0409EC81EBA4DFD00393077 /* AFYApplicationManager.swift */,
			);
			name = "Application Layer";
			sourceTree = "<group>";
		};
		D0409EC71EBA47F300393077 /* Supporting Files */ = {
			isa = PBXGroup;
			children = (
				D0409EBB1EBA472900393077 /* Assets.xcassets */,
				D0409EBD1EBA472900393077 /* LaunchScreen.storyboard */,
				D0409EC01EBA472900393077 /* Info.plist */,
			);
			name = "Supporting Files";
			sourceTree = "<group>";
		};
		D0409ECA1EBA4EF600393077 /* Services */ = {
			isa = PBXGroup;
			children = (
				D0409ECB1EBA50D900393077 /* AFYKeychainService.swift */,
				D0843FC51EBC4CE7009265B8 /* AFYInstagramFeedService.swift */,
				D0843FC91EBC4EF5009265B8 /* AFYLocationService.swift */,
			);
			name = Services;
			sourceTree = "<group>";
		};
		D0409ECD1EBA51A600393077 /* Presentation */ = {
			isa = PBXGroup;
			children = (
				D04649831EBF605000555C80 /* Photo Detail Scene */,
				D05C95E81EBF3F9500AD6A7C /* Photoes Scene */,
				D0843FCD1EBC7313009265B8 /* Main Scene */,
				D0409ECE1EBA51BE00393077 /* Initial Scene */,
			);
			name = Presentation;
			sourceTree = "<group>";
		};
		D0409ECE1EBA51BE00393077 /* Initial Scene */ = {
			isa = PBXGroup;
			children = (
				D0409ECF1EBA51E300393077 /* AFYInitialViewController.swift */,
				D0409ED11EBA524700393077 /* AFYInitialScene.storyboard */,
			);
			name = "Initial Scene";
			sourceTree = "<group>";
		};
		D04649831EBF605000555C80 /* Photo Detail Scene */ = {
			isa = PBXGroup;
			children = (
				D04649841EBF60AB00555C80 /* AFYPhotoDetailsViewController.swift */,
				D04649861EBF60FD00555C80 /* AFYPhotoDetailsScene.storyboard */,
			);
			name = "Photo Detail Scene";
			sourceTree = "<group>";
		};
		D05C95E81EBF3F9500AD6A7C /* Photoes Scene */ = {
			isa = PBXGroup;
			children = (
				D05C95E91EBF3FC100AD6A7C /* AFYPhotoesScene.storyboard */,
				D05C95ED1EBF466E00AD6A7C /* AFYPhotoCollectionViewCell.swift */,
				D05C95EB1EBF400A00AD6A7C /* AFYPhotoesCollectionViewController.swift */,
			);
			name = "Photoes Scene";
			sourceTree = "<group>";
		};
		D0843FCD1EBC7313009265B8 /* Main Scene */ = {
			isa = PBXGroup;
			children = (
				D0843FCE1EBC7338009265B8 /* AFYMainViewController.swift */,
				D0843FD01EBC7353009265B8 /* AFYMainScene.storyboard */,
				D0787CB31EC03ADE008A2152 /* AFYMainViewControllerConfigurator.swift */,
				D0787CB51EC03B8C008A2152 /* AFYMainViewControllerInteractor.swift */,
				D0787CB71EC03BBC008A2152 /* AFYMainViewControllerPresenter.swift */,
			);
			name = "Main Scene";
			sourceTree = "<group>";
		};
		D0843FD21EBC995D009265B8 /* Models */ = {
			isa = PBXGroup;
			children = (
				D0843FD31EBC997B009265B8 /* Location.swift */,
			);
			name = Models;
			sourceTree = "<group>";
		};
/* End PBXGroup section */

/* Begin PBXNativeTarget section */
		D0409EB01EBA472800393077 /* AppForYanpix */ = {
			isa = PBXNativeTarget;
			buildConfigurationList = D0409EC31EBA472900393077 /* Build configuration list for PBXNativeTarget "AppForYanpix" */;
			buildPhases = (
				CC3CE007C75835DC061A19A6 /* [CP] Check Pods Manifest.lock */,
				D0409EAD1EBA472800393077 /* Sources */,
				D0409EAE1EBA472800393077 /* Frameworks */,
				D0409EAF1EBA472800393077 /* Resources */,
				67398A0633D9945F2F450041 /* [CP] Embed Pods Frameworks */,
				C9D15547D7989CC1D650A6E6 /* [CP] Copy Pods Resources */,
			);
			buildRules = (
			);
			dependencies = (
			);
			name = AppForYanpix;
			productName = AppForYanpix;
			productReference = D0409EB11EBA472800393077 /* AppForYanpix.app */;
			productType = "com.apple.product-type.application";
		};
/* End PBXNativeTarget section */

/* Begin PBXProject section */
		D0409EA91EBA472800393077 /* Project object */ = {
			isa = PBXProject;
			attributes = {
				LastSwiftUpdateCheck = 0820;
				LastUpgradeCheck = 0820;
				ORGANIZATIONNAME = "Ivashin Dmitry";
				TargetAttributes = {
					D0409EB01EBA472800393077 = {
						CreatedOnToolsVersion = 8.2;
						DevelopmentTeam = WF866KSYF8;
						ProvisioningStyle = Automatic;
						SystemCapabilities = {
							com.apple.Keychain = {
								enabled = 0;
							};
						};
					};
				};
			};
			buildConfigurationList = D0409EAC1EBA472800393077 /* Build configuration list for PBXProject "AppForYanpix" */;
			compatibilityVersion = "Xcode 3.2";
			developmentRegion = English;
			hasScannedForEncodings = 0;
			knownRegions = (
				en,
				Base,
			);
			mainGroup = D0409EA81EBA472800393077;
			productRefGroup = D0409EB21EBA472800393077 /* Products */;
			projectDirPath = "";
			projectRoot = "";
			targets = (
				D0409EB01EBA472800393077 /* AppForYanpix */,
			);
		};
/* End PBXProject section */

/* Begin PBXResourcesBuildPhase section */
		D0409EAF1EBA472800393077 /* Resources */ = {
			isa = PBXResourcesBuildPhase;
			buildActionMask = 2147483647;
			files = (
				D0409EBF1EBA472900393077 /* LaunchScreen.storyboard in Resources */,
				D0409EBC1EBA472900393077 /* Assets.xcassets in Resources */,
				D0843FD11EBC7353009265B8 /* AFYMainScene.storyboard in Resources */,
				D04649871EBF60FD00555C80 /* AFYPhotoDetailsScene.storyboard in Resources */,
				D05C95EA1EBF3FC100AD6A7C /* AFYPhotoesScene.storyboard in Resources */,
				D0409ED21EBA524700393077 /* AFYInitialScene.storyboard in Resources */,
			);
			runOnlyForDeploymentPostprocessing = 0;
		};
/* End PBXResourcesBuildPhase section */

/* Begin PBXShellScriptBuildPhase section */
		67398A0633D9945F2F450041 /* [CP] Embed Pods Frameworks */ = {
			isa = PBXShellScriptBuildPhase;
			buildActionMask = 2147483647;
			files = (
			);
			inputPaths = (
			);
			name = "[CP] Embed Pods Frameworks";
			outputPaths = (
			);
			runOnlyForDeploymentPostprocessing = 0;
			shellPath = /bin/sh;
			shellScript = "\"${SRCROOT}/Pods/Target Support Files/Pods-AppForYanpix/Pods-AppForYanpix-frameworks.sh\"\n";
			showEnvVarsInLog = 0;
		};
		C9D15547D7989CC1D650A6E6 /* [CP] Copy Pods Resources */ = {
			isa = PBXShellScriptBuildPhase;
			buildActionMask = 2147483647;
			files = (
			);
			inputPaths = (
			);
			name = "[CP] Copy Pods Resources";
			outputPaths = (
			);
			runOnlyForDeploymentPostprocessing = 0;
			shellPath = /bin/sh;
			shellScript = "\"${SRCROOT}/Pods/Target Support Files/Pods-AppForYanpix/Pods-AppForYanpix-resources.sh\"\n";
			showEnvVarsInLog = 0;
		};
		CC3CE007C75835DC061A19A6 /* [CP] Check Pods Manifest.lock */ = {
			isa = PBXShellScriptBuildPhase;
			buildActionMask = 2147483647;
			files = (
			);
			inputPaths = (
			);
			name = "[CP] Check Pods Manifest.lock";
			outputPaths = (
			);
			runOnlyForDeploymentPostprocessing = 0;
			shellPath = /bin/sh;
			shellScript = "diff \"${PODS_ROOT}/../Podfile.lock\" \"${PODS_ROOT}/Manifest.lock\" > /dev/null\nif [ $? != 0 ] ; then\n    # print error to STDERR\n    echo \"error: The sandbox is not in sync with the Podfile.lock. Run 'pod install' or update your CocoaPods installation.\" >&2\n    exit 1\nfi\n";
			showEnvVarsInLog = 0;
		};
/* End PBXShellScriptBuildPhase section */

/* Begin PBXSourcesBuildPhase section */
		D0409EAD1EBA472800393077 /* Sources */ = {
			isa = PBXSourcesBuildPhase;
			buildActionMask = 2147483647;
			files = (
				D0787CB61EC03B8C008A2152 /* AFYMainViewControllerInteractor.swift in Sources */,
				D0843FC61EBC4CE7009265B8 /* AFYInstagramFeedService.swift in Sources */,
				D04649851EBF60AB00555C80 /* AFYPhotoDetailsViewController.swift in Sources */,
				D0409EB51EBA472900393077 /* AppDelegate.swift in Sources */,
				D05C95EE1EBF466E00AD6A7C /* AFYPhotoCollectionViewCell.swift in Sources */,
				D0843FD41EBC997B009265B8 /* Location.swift in Sources */,
				D0787CB41EC03ADE008A2152 /* AFYMainViewControllerConfigurator.swift in Sources */,
				D05C95EC1EBF400A00AD6A7C /* AFYPhotoesCollectionViewController.swift in Sources */,
				D0843FCF1EBC7338009265B8 /* AFYMainViewController.swift in Sources */,
				D0787CB81EC03BBC008A2152 /* AFYMainViewControllerPresenter.swift in Sources */,
				D0409EC91EBA4DFD00393077 /* AFYApplicationManager.swift in Sources */,
				D0843FCA1EBC4EF5009265B8 /* AFYLocationService.swift in Sources */,
				D0409ECC1EBA50D900393077 /* AFYKeychainService.swift in Sources */,
				D0409ED01EBA51E300393077 /* AFYInitialViewController.swift in Sources */,
			);
			runOnlyForDeploymentPostprocessing = 0;
		};
/* End PBXSourcesBuildPhase section */

/* Begin PBXVariantGroup section */
		D0409EBD1EBA472900393077 /* LaunchScreen.storyboard */ = {
			isa = PBXVariantGroup;
			children = (
				D0409EBE1EBA472900393077 /* Base */,
			);
			name = LaunchScreen.storyboard;
			sourceTree = "<group>";
		};
/* End PBXVariantGroup section */

/* Begin XCBuildConfiguration section */
		D0409EC11EBA472900393077 /* Debug */ = {
			isa = XCBuildConfiguration;
			buildSettings = {
				ALWAYS_SEARCH_USER_PATHS = NO;
				CLANG_ANALYZER_NONNULL = YES;
				CLANG_CXX_LANGUAGE_STANDARD = "gnu++0x";
				CLANG_CXX_LIBRARY = "libc++";
				CLANG_ENABLE_MODULES = YES;
				CLANG_ENABLE_OBJC_ARC = YES;
				CLANG_WARN_BOOL_CONVERSION = YES;
				CLANG_WARN_CONSTANT_CONVERSION = YES;
				CLANG_WARN_DIRECT_OBJC_ISA_USAGE = YES_ERROR;
				CLANG_WARN_DOCUMENTATION_COMMENTS = YES;
				CLANG_WARN_EMPTY_BODY = YES;
				CLANG_WARN_ENUM_CONVERSION = YES;
				CLANG_WARN_INFINITE_RECURSION = YES;
				CLANG_WARN_INT_CONVERSION = YES;
				CLANG_WARN_OBJC_ROOT_CLASS = YES_ERROR;
				CLANG_WARN_SUSPICIOUS_MOVE = YES;
				CLANG_WARN_UNREACHABLE_CODE = YES;
				CLANG_WARN__DUPLICATE_METHOD_MATCH = YES;
				"CODE_SIGN_IDENTITY[sdk=iphoneos*]" = "iPhone Developer";
				COPY_PHASE_STRIP = NO;
				DEBUG_INFORMATION_FORMAT = dwarf;
				ENABLE_STRICT_OBJC_MSGSEND = YES;
				ENABLE_TESTABILITY = YES;
				GCC_C_LANGUAGE_STANDARD = gnu99;
				GCC_DYNAMIC_NO_PIC = NO;
				GCC_NO_COMMON_BLOCKS = YES;
				GCC_OPTIMIZATION_LEVEL = 0;
				GCC_PREPROCESSOR_DEFINITIONS = (
					"DEBUG=1",
					"$(inherited)",
				);
				GCC_WARN_64_TO_32_BIT_CONVERSION = YES;
				GCC_WARN_ABOUT_RETURN_TYPE = YES_ERROR;
				GCC_WARN_UNDECLARED_SELECTOR = YES;
				GCC_WARN_UNINITIALIZED_AUTOS = YES_AGGRESSIVE;
				GCC_WARN_UNUSED_FUNCTION = YES;
				GCC_WARN_UNUSED_VARIABLE = YES;
				IPHONEOS_DEPLOYMENT_TARGET = 10.2;
				MTL_ENABLE_DEBUG_INFO = YES;
				ONLY_ACTIVE_ARCH = YES;
				SDKROOT = iphoneos;
				SWIFT_ACTIVE_COMPILATION_CONDITIONS = DEBUG;
				SWIFT_OPTIMIZATION_LEVEL = "-Onone";
			};
			name = Debug;
		};
		D0409EC21EBA472900393077 /* Release */ = {
			isa = XCBuildConfiguration;
			buildSettings = {
				ALWAYS_SEARCH_USER_PATHS = NO;
				CLANG_ANALYZER_NONNULL = YES;
				CLANG_CXX_LANGUAGE_STANDARD = "gnu++0x";
				CLANG_CXX_LIBRARY = "libc++";
				CLANG_ENABLE_MODULES = YES;
				CLANG_ENABLE_OBJC_ARC = YES;
				CLANG_WARN_BOOL_CONVERSION = YES;
				CLANG_WARN_CONSTANT_CONVERSION = YES;
				CLANG_WARN_DIRECT_OBJC_ISA_USAGE = YES_ERROR;
				CLANG_WARN_DOCUMENTATION_COMMENTS = YES;
				CLANG_WARN_EMPTY_BODY = YES;
				CLANG_WARN_ENUM_CONVERSION = YES;
				CLANG_WARN_INFINITE_RECURSION = YES;
				CLANG_WARN_INT_CONVERSION = YES;
				CLANG_WARN_OBJC_ROOT_CLASS = YES_ERROR;
				CLANG_WARN_SUSPICIOUS_MOVE = YES;
				CLANG_WARN_UNREACHABLE_CODE = YES;
				CLANG_WARN__DUPLICATE_METHOD_MATCH = YES;
				"CODE_SIGN_IDENTITY[sdk=iphoneos*]" = "iPhone Developer";
				COPY_PHASE_STRIP = NO;
				DEBUG_INFORMATION_FORMAT = "dwarf-with-dsym";
				ENABLE_NS_ASSERTIONS = NO;
				ENABLE_STRICT_OBJC_MSGSEND = YES;
				GCC_C_LANGUAGE_STANDARD = gnu99;
				GCC_NO_COMMON_BLOCKS = YES;
				GCC_WARN_64_TO_32_BIT_CONVERSION = YES;
				GCC_WARN_ABOUT_RETURN_TYPE = YES_ERROR;
				GCC_WARN_UNDECLARED_SELECTOR = YES;
				GCC_WARN_UNINITIALIZED_AUTOS = YES_AGGRESSIVE;
				GCC_WARN_UNUSED_FUNCTION = YES;
				GCC_WARN_UNUSED_VARIABLE = YES;
				IPHONEOS_DEPLOYMENT_TARGET = 10.2;
				MTL_ENABLE_DEBUG_INFO = NO;
				SDKROOT = iphoneos;
				SWIFT_OPTIMIZATION_LEVEL = "-Owholemodule";
				VALIDATE_PRODUCT = YES;
			};
			name = Release;
		};
		D0409EC41EBA472900393077 /* Debug */ = {
			isa = XCBuildConfiguration;
			baseConfigurationReference = 37D6BAB0E073A4965FDC817C /* Pods-AppForYanpix.debug.xcconfig */;
			buildSettings = {
				ASSETCATALOG_COMPILER_APPICON_NAME = AppIcon;
				DEVELOPMENT_TEAM = WF866KSYF8;
				INFOPLIST_FILE = AppForYanpix/Info.plist;
				LD_RUNPATH_SEARCH_PATHS = "$(inherited) @executable_path/Frameworks";
				PRODUCT_BUNDLE_IDENTIFIER = MyCompany.AppForYanpix;
				PRODUCT_NAME = "$(TARGET_NAME)";
				SWIFT_VERSION = 3.0;
				TARGETED_DEVICE_FAMILY = "1,2";
			};
			name = Debug;
		};
		D0409EC51EBA472900393077 /* Release */ = {
			isa = XCBuildConfiguration;
			baseConfigurationReference = 1FA8A33D656782241C8DE5C3 /* Pods-AppForYanpix.release.xcconfig */;
			buildSettings = {
				ASSETCATALOG_COMPILER_APPICON_NAME = AppIcon;
				DEVELOPMENT_TEAM = WF866KSYF8;
				INFOPLIST_FILE = AppForYanpix/Info.plist;
				LD_RUNPATH_SEARCH_PATHS = "$(inherited) @executable_path/Frameworks";
				PRODUCT_BUNDLE_IDENTIFIER = MyCompany.AppForYanpix;
				PRODUCT_NAME = "$(TARGET_NAME)";
				SWIFT_VERSION = 3.0;
				TARGETED_DEVICE_FAMILY = "1,2";
			};
			name = Release;
		};
/* End XCBuildConfiguration section */

/* Begin XCConfigurationList section */
		D0409EAC1EBA472800393077 /* Build configuration list for PBXProject "AppForYanpix" */ = {
			isa = XCConfigurationList;
			buildConfigurations = (
				D0409EC11EBA472900393077 /* Debug */,
				D0409EC21EBA472900393077 /* Release */,
			);
			defaultConfigurationIsVisible = 0;
			defaultConfigurationName = Release;
		};
		D0409EC31EBA472900393077 /* Build configuration list for PBXNativeTarget "AppForYanpix" */ = {
			isa = XCConfigurationList;
			buildConfigurations = (
				D0409EC41EBA472900393077 /* Debug */,
				D0409EC51EBA472900393077 /* Release */,
			);
			defaultConfigurationIsVisible = 0;
			defaultConfigurationName = Release;
		};
/* End XCConfigurationList section */
	};
	rootObject = D0409EA91EBA472800393077 /* Project object */;
}
